
Microsoft Visual Studio Solution File, Format Version 12.00
# Visual Studio Version 16
VisualStudioVersion = 16.0.30413.136
MinimumVisualStudioVersion = 10.0.40219.1
Project("{9A19103F-16F7-4668-BE54-9A1E7A4F7556}") = "FinelliMonolito", "FinelliMonolito\FinelliMonolito.csproj", "{66194EA7-D230-4B03-A5C6-ADCD2B0D35F9}"
EndProject
Project("{9A19103F-16F7-4668-BE54-9A1E7A4F7556}") = "FinelliDomainVehicle", "FinelliDomainVehicle\FinelliDomainVehicle.csproj", "{9A040122-82FC-4EC3-84B3-8084F2353948}"
EndProject
Project("{9A19103F-16F7-4668-BE54-9A1E7A4F7556}") = "FinelliDataCore", "FinelliDataCore\FinelliDataCore.csproj", "{536E8E9C-4BC3-432B-B19C-17C28CF8646A}"
EndProject
Project("{9A19103F-16F7-4668-BE54-9A1E7A4F7556}") = "FinelliServiceCRUDVehicle", "FinelliServiceCRUDVehicle\FinelliServiceCRUDVehicle.csproj", "{0A3078DA-740A-4676-923E-D5347CD63B7F}"
EndProject
Project("{9A19103F-16F7-4668-BE54-9A1E7A4F7556}") = "FinelliTestVehicle", "FinelliTestVehicle\FinelliTestVehicle.csproj", "{6FF9415F-BFEB-41D9-9192-6DEA29704B09}"
EndProject
Project("{2150E333-8FDC-42A3-9474-1A3956D46DE8}") = "Monolito", "Monolito", "{BCAAEC6B-F45F-46C3-A185-C7D45C64EC58}"
EndProject
Project("{2150E333-8FDC-42A3-9474-1A3956D46DE8}") = "Microservices", "Microservices", "{E4032CE8-5B7D-4BDB-AA29-FDC5870C9F05}"
EndProject
Project("{2150E333-8FDC-42A3-9474-1A3956D46DE8}") = "CRUDVehicle", "CRUDVehicle", "{8A52F779-BB1E-4D06-B10A-79727FD50546}"
EndProject
Project("{9A19103F-16F7-4668-BE54-9A1E7A4F7556}") = "FinelliApplicationVehicle", "FinelliApplicationVehicle\FinelliApplicationVehicle.csproj", "{DF12E90B-547F-4C95-9F3B-3B513E3947ED}"
EndProject
Project("{2150E333-8FDC-42A3-9474-1A3956D46DE8}") = "Core", "Core", "{D576F51B-326D-4AAF-9F34-3C623235A81D}"
EndProject
Project("{9A19103F-16F7-4668-BE54-9A1E7A4F7556}") = "FinelliApplicationMonolito", "FinelliApplicationMonolito\FinelliApplicationMonolito.csproj", "{257D75A8-66A9-41FB-831A-762CB36522FE}"
EndProject
Project("{9A19103F-16F7-4668-BE54-9A1E7A4F7556}") = "FinelliDomainMonolito", "FinelliDomainMonolito\FinelliDomainMonolito.csproj", "{3BF9483A-C9B4-4A04-A794-E381C37A8D30}"
EndProject
Project("{9A19103F-16F7-4668-BE54-9A1E7A4F7556}") = "FinelliDomainCore", "FinelliDomainCore\FinelliDomainCore.csproj", "{2F7434A9-9C18-4401-B392-2E5F0568A973}"
EndProject
Project("{2150E333-8FDC-42A3-9474-1A3956D46DE8}") = "0-DEVOPS", "0-DEVOPS", "{23D8C40B-F4D3-46DC-A457-B9001A0140F3}"
	ProjectSection(SolutionItems) = preProject
		..\.gitignore = ..\.gitignore
		Dockerfile = Dockerfile
		..\.github\workflows\main.yml = ..\.github\workflows\main.yml
	EndProjectSection
EndProject
Global
	GlobalSection(SolutionConfigurationPlatforms) = preSolution
		Debug|Any CPU = Debug|Any CPU
		Release|Any CPU = Release|Any CPU
	EndGlobalSection
	GlobalSection(ProjectConfigurationPlatforms) = postSolution
		{66194EA7-D230-4B03-A5C6-ADCD2B0D35F9}.Debug|Any CPU.ActiveCfg = Debug|Any CPU
		{66194EA7-D230-4B03-A5C6-ADCD2B0D35F9}.Debug|Any CPU.Build.0 = Debug|Any CPU
		{66194EA7-D230-4B03-A5C6-ADCD2B0D35F9}.Release|Any CPU.ActiveCfg = Release|Any CPU
		{66194EA7-D230-4B03-A5C6-ADCD2B0D35F9}.Release|Any CPU.Build.0 = Release|Any CPU
		{9A040122-82FC-4EC3-84B3-8084F2353948}.Debug|Any CPU.ActiveCfg = Debug|Any CPU
		{9A040122-82FC-4EC3-84B3-8084F2353948}.Debug|Any CPU.Build.0 = Debug|Any CPU
		{9A040122-82FC-4EC3-84B3-8084F2353948}.Release|Any CPU.ActiveCfg = Release|Any CPU
		{9A040122-82FC-4EC3-84B3-8084F2353948}.Release|Any CPU.Build.0 = Release|Any CPU
		{536E8E9C-4BC3-432B-B19C-17C28CF8646A}.Debug|Any CPU.ActiveCfg = Debug|Any CPU
		{536E8E9C-4BC3-432B-B19C-17C28CF8646A}.Debug|Any CPU.Build.0 = Debug|Any CPU
		{536E8E9C-4BC3-432B-B19C-17C28CF8646A}.Release|Any CPU.ActiveCfg = Release|Any CPU
		{536E8E9C-4BC3-432B-B19C-17C28CF8646A}.Release|Any CPU.Build.0 = Release|Any CPU
		{0A3078DA-740A-4676-923E-D5347CD63B7F}.Debug|Any CPU.ActiveCfg = Debug|Any CPU
		{0A3078DA-740A-4676-923E-D5347CD63B7F}.Debug|Any CPU.Build.0 = Debug|Any CPU
		{0A3078DA-740A-4676-923E-D5347CD63B7F}.Release|Any CPU.ActiveCfg = Release|Any CPU
		{0A3078DA-740A-4676-923E-D5347CD63B7F}.Release|Any CPU.Build.0 = Release|Any CPU
		{6FF9415F-BFEB-41D9-9192-6DEA29704B09}.Debug|Any CPU.ActiveCfg = Debug|Any CPU
		{6FF9415F-BFEB-41D9-9192-6DEA29704B09}.Debug|Any CPU.Build.0 = Debug|Any CPU
		{6FF9415F-BFEB-41D9-9192-6DEA29704B09}.Release|Any CPU.ActiveCfg = Release|Any CPU
		{6FF9415F-BFEB-41D9-9192-6DEA29704B09}.Release|Any CPU.Build.0 = Release|Any CPU
		{DF12E90B-547F-4C95-9F3B-3B513E3947ED}.Debug|Any CPU.ActiveCfg = Debug|Any CPU
		{DF12E90B-547F-4C95-9F3B-3B513E3947ED}.Debug|Any CPU.Build.0 = Debug|Any CPU
		{DF12E90B-547F-4C95-9F3B-3B513E3947ED}.Release|Any CPU.ActiveCfg = Release|Any CPU
		{DF12E90B-547F-4C95-9F3B-3B513E3947ED}.Release|Any CPU.Build.0 = Release|Any CPU
		{257D75A8-66A9-41FB-831A-762CB36522FE}.Debug|Any CPU.ActiveCfg = Debug|Any CPU
		{257D75A8-66A9-41FB-831A-762CB36522FE}.Debug|Any CPU.Build.0 = Debug|Any CPU
		{257D75A8-66A9-41FB-831A-762CB36522FE}.Release|Any CPU.ActiveCfg = Release|Any CPU
		{257D75A8-66A9-41FB-831A-762CB36522FE}.Release|Any CPU.Build.0 = Release|Any CPU
		{3BF9483A-C9B4-4A04-A794-E381C37A8D30}.Debug|Any CPU.ActiveCfg = Debug|Any CPU
		{3BF9483A-C9B4-4A04-A794-E381C37A8D30}.Debug|Any CPU.Build.0 = Debug|Any CPU
		{3BF9483A-C9B4-4A04-A794-E381C37A8D30}.Release|Any CPU.ActiveCfg = Release|Any CPU
		{3BF9483A-C9B4-4A04-A794-E381C37A8D30}.Release|Any CPU.Build.0 = Release|Any CPU
		{2F7434A9-9C18-4401-B392-2E5F0568A973}.Debug|Any CPU.ActiveCfg = Debug|Any CPU
		{2F7434A9-9C18-4401-B392-2E5F0568A973}.Debug|Any CPU.Build.0 = Debug|Any CPU
		{2F7434A9-9C18-4401-B392-2E5F0568A973}.Release|Any CPU.ActiveCfg = Release|Any CPU
		{2F7434A9-9C18-4401-B392-2E5F0568A973}.Release|Any CPU.Build.0 = Release|Any CPU
	EndGlobalSection
	GlobalSection(SolutionProperties) = preSolution
		HideSolutionNode = FALSE
	EndGlobalSection
	GlobalSection(NestedProjects) = preSolution
		{66194EA7-D230-4B03-A5C6-ADCD2B0D35F9} = {BCAAEC6B-F45F-46C3-A185-C7D45C64EC58}
		{9A040122-82FC-4EC3-84B3-8084F2353948} = {8A52F779-BB1E-4D06-B10A-79727FD50546}
		{536E8E9C-4BC3-432B-B19C-17C28CF8646A} = {D576F51B-326D-4AAF-9F34-3C623235A81D}
		{0A3078DA-740A-4676-923E-D5347CD63B7F} = {8A52F779-BB1E-4D06-B10A-79727FD50546}
		{6FF9415F-BFEB-41D9-9192-6DEA29704B09} = {8A52F779-BB1E-4D06-B10A-79727FD50546}
		{8A52F779-BB1E-4D06-B10A-79727FD50546} = {E4032CE8-5B7D-4BDB-AA29-FDC5870C9F05}
		{DF12E90B-547F-4C95-9F3B-3B513E3947ED} = {8A52F779-BB1E-4D06-B10A-79727FD50546}
		{257D75A8-66A9-41FB-831A-762CB36522FE} = {BCAAEC6B-F45F-46C3-A185-C7D45C64EC58}
		{3BF9483A-C9B4-4A04-A794-E381C37A8D30} = {BCAAEC6B-F45F-46C3-A185-C7D45C64EC58}
		{2F7434A9-9C18-4401-B392-2E5F0568A973} = {D576F51B-326D-4AAF-9F34-3C623235A81D}
	EndGlobalSection
	GlobalSection(ExtensibilityGlobals) = postSolution
		SolutionGuid = {FBCF2E69-B620-4388-9DEE-ED742625A501}
	EndGlobalSection
EndGlobal
